
Microsoft Visual Studio Solution File, Format Version 12.00
# Visual Studio Version 16
VisualStudioVersion = 16.0.33927.289
MinimumVisualStudioVersion = 10.0.40219.1
Project("{2150E333-8FDC-42A3-9474-1A3956D46DE8}") = "Task0", "Task0", "{F2A17123-4B56-4BC9-9BE0-C14D78FDBA25}"
EndProject
Project("{FAE04EC0-301F-11D3-BF4B-00C04F79EFBC}") = "Tyuiu.VorobevSA.Sprint1.Task0.V25", "Tyuiu.VorobevSA.Sprint1.Task0.V25\Tyuiu.VorobevSA.Sprint1.Task0.V25.csproj", "{16688145-95DE-4BC3-BDCF-A4A1C8F732EB}"
EndProject
Project("{FAE04EC0-301F-11D3-BF4B-00C04F79EFBC}") = "Tyuiu.VorobevSA.Sprint1.Task0.V25.lib", "Tyuiu.VorobevSA.Sprint1.Task0.V25.lib\Tyuiu.VorobevSA.Sprint1.Task0.V25.lib.csproj", "{D564C51F-CAA5-4AD8-BB07-37CD2811A8A0}"
EndProject
Project("{FAE04EC0-301F-11D3-BF4B-00C04F79EFBC}") = "Tyuiu.VorobevSA.Sprint1.Task0.V25.test", "Tyuiu.VorobevSA.Sprint1.Task0.V25.test\Tyuiu.VorobevSA.Sprint1.Task0.V25.test.csproj", "{310215C6-1CEB-4FD7-BBF0-F7A879C9F351}"
EndProject
Project("{FAE04EC0-301F-11D3-BF4B-00C04F79EFBC}") = "Pomoyka", "Pomoyka\Pomoyka.csproj", "{B78662C2-B2C6-40C4-91CB-F661BE691163}"
EndProject
Project("{2150E333-8FDC-42A3-9474-1A3956D46DE8}") = "Task1", "Task1", "{0C7D0D6A-D64C-407E-A8B8-CEA58BD90F25}"
EndProject
Project("{FAE04EC0-301F-11D3-BF4B-00C04F79EFBC}") = "Tyuiu.VorobevSA.Sрrint1.Task1.V27", "Tyuiu.VorobevSA.Sрrint1.Task1.V27\Tyuiu.VorobevSA.Sрrint1.Task1.V27.csproj", "{F58365E3-A674-462A-8436-3227C10062DC}"
EndProject
Project("{FAE04EC0-301F-11D3-BF4B-00C04F79EFBC}") = "Tyuiu.VorobevSA.Sрrint1.Task1.V27.Lib", "Tyuiu.VorobevSA.Sрrint1.Task1.V27.Lib\Tyuiu.VorobevSA.Sрrint1.Task1.V27.Lib.csproj", "{6689EF89-AC85-48E9-9BA1-6FBF2EBE606B}"
EndProject
Project("{FAE04EC0-301F-11D3-BF4B-00C04F79EFBC}") = "Tyuiu.VorobevSA.Sрrint1.Task1.V27.Test", "Tyuiu.VorobevSA.Sрrint1.Task1.V27.Test\Tyuiu.VorobevSA.Sрrint1.Task1.V27.Test.csproj", "{4B39E540-A58C-4B05-92DC-0C779EABA390}"
EndProject
Project("{2150E333-8FDC-42A3-9474-1A3956D46DE8}") = "Task2", "Task2", "{54A9F98F-575E-4210-89F2-CD5245AFE77F}"
EndProject
Project("{FAE04EC0-301F-11D3-BF4B-00C04F79EFBC}") = "Tyuiu.VorobevSA.Sрrint1.Task2.V0", "Tyuiu.VorobevSA.Sрrint1.Task2.V0\Tyuiu.VorobevSA.Sрrint1.Task2.V0.csproj", "{024D3FA2-22A4-4520-BB67-7976C6547322}"
EndProject
Project("{FAE04EC0-301F-11D3-BF4B-00C04F79EFBC}") = "Tyuiu.VorobevSA.Sрrint1.Task2.V0.Lib", "Tyuiu.VorobevSA.Sрrint1.Task2.V0.Lib\Tyuiu.VorobevSA.Sрrint1.Task2.V0.Lib.csproj", "{9CED15A1-2F0A-4476-98F6-9A52EE386F8A}"
EndProject
Project("{FAE04EC0-301F-11D3-BF4B-00C04F79EFBC}") = "Tyuiu.VorobevSA.Sрrint1.Task2.V0.Test", "Tyuiu.VorobevSA.Sрrint1.Task2.V0.Test\Tyuiu.VorobevSA.Sрrint1.Task2.V0.Test.csproj", "{19D86E48-8138-443A-AB2B-C55181DBB052}"
EndProject
Project("{2150E333-8FDC-42A3-9474-1A3956D46DE8}") = "Task3", "Task3", "{A8D14A98-BEB5-4430-AE27-0E2C50D204F4}"
EndProject
Project("{FAE04EC0-301F-11D3-BF4B-00C04F79EFBC}") = "Tyuiu.VorobevSA.Sрrint1.Task3.V2", "Tyuiu.VorobevSA.Sрrint1.Task3.V2\Tyuiu.VorobevSA.Sрrint1.Task3.V2.csproj", "{F177084E-F3D3-4543-930A-316A65C9A402}"
EndProject
Project("{FAE04EC0-301F-11D3-BF4B-00C04F79EFBC}") = "Tyuiu.VorobevSA.Sрrint1.Task3.V2.Lib", "Tyuiu.VorobevSA.Sрrint1.Task3.V2.Lib\Tyuiu.VorobevSA.Sрrint1.Task3.V2.Lib.csproj", "{43B40EE2-2F7D-4439-9F52-97C37E71DC2C}"
EndProject
Project("{FAE04EC0-301F-11D3-BF4B-00C04F79EFBC}") = "Tyuiu.VorobevSA.Sрrint1.Task3.V2.Test", "Tyuiu.VorobevSA.Sрrint1.Task3.V2.Test\Tyuiu.VorobevSA.Sрrint1.Task3.V2.Test.csproj", "{81315888-B5A1-4B67-8248-1DDBCDBD8041}"
EndProject
Project("{2150E333-8FDC-42A3-9474-1A3956D46DE8}") = "Task4", "Task4", "{AE74C728-A129-4DE1-A80E-11CC8CBE1D51}"
EndProject
Project("{FAE04EC0-301F-11D3-BF4B-00C04F79EFBC}") = "Tyuiu.VorobevSA.Sрrint1.Task4.V15", "Tyuiu.VorobevSA.Sрrint1.Task4.V15\Tyuiu.VorobevSA.Sрrint1.Task4.V15.csproj", "{BBB0656F-04E2-4E09-B5A6-3927555FF5D2}"
EndProject
Project("{FAE04EC0-301F-11D3-BF4B-00C04F79EFBC}") = "Tyuiu.VorobevSA.Sрrint1.Task4.V15.Lib", "Tyuiu.VorobevSA.Sрrint1.Task4.V15.Lib\Tyuiu.VorobevSA.Sрrint1.Task4.V15.Lib.csproj", "{140B2D64-43BF-46D4-B855-A0C66EE8E574}"
EndProject
Project("{FAE04EC0-301F-11D3-BF4B-00C04F79EFBC}") = "Tyuiu.VorobevSA.Sрrint1.Task4.V15.Test", "Tyuiu.VorobevSA.Sрrint1.Task4.V15.Test\Tyuiu.VorobevSA.Sрrint1.Task4.V15.Test.csproj", "{B7CC49E6-85B4-486B-A056-F5619986F98B}"
EndProject
Project("{2150E333-8FDC-42A3-9474-1A3956D46DE8}") = "Task5", "Task5", "{1B76DB87-F9C9-4F08-8129-08366F20D967}"
EndProject
Project("{FAE04EC0-301F-11D3-BF4B-00C04F79EFBC}") = "Tyuiu.VorobevSA.Sрrint1.Task5.V1", "Tyuiu.VorobevSA.Sрrint1.Task5.V1\Tyuiu.VorobevSA.Sрrint1.Task5.V1.csproj", "{DC27CD1F-C0AE-4A7B-9296-D21DD1188290}"
EndProject
Project("{FAE04EC0-301F-11D3-BF4B-00C04F79EFBC}") = "Tyuiu.VorobevSA.Sрrint1.Task5.V1.Lib", "Tyuiu.VorobevSA.Sрrint1.Task5.V1.Lib\Tyuiu.VorobevSA.Sрrint1.Task5.V1.Lib.csproj", "{32B82930-9CEF-444A-A452-32C3A815165A}"
EndProject
Project("{FAE04EC0-301F-11D3-BF4B-00C04F79EFBC}") = "Tyuiu.VorobevSA.Sрrint1.Task5.V1.Test", "Tyuiu.VorobevSA.Sрrint1.Task5.V1.Test\Tyuiu.VorobevSA.Sрrint1.Task5.V1.Test.csproj", "{8724B972-311B-4741-8027-A5090AF7374B}"
EndProject
Project("{2150E333-8FDC-42A3-9474-1A3956D46DE8}") = "Task6", "Task6", "{DA0139A2-8E42-4BAE-984F-D2BD70851556}"
EndProject
Project("{FAE04EC0-301F-11D3-BF4B-00C04F79EFBC}") = "Tyuiu.VorobevSA.Sрrint1.Task6.V15", "Tyuiu.VorobevSA.Sрrint1.Task6.V15\Tyuiu.VorobevSA.Sрrint1.Task6.V15.csproj", "{C9B46775-C03A-4046-AD51-59CC3A620ED5}"
EndProject
Project("{FAE04EC0-301F-11D3-BF4B-00C04F79EFBC}") = "Tyuiu.VorobevSA.Sрrint1.Task6.V15.Test", "Tyuiu.VorobevSA.Sрrint1.Task6.V15.Test\Tyuiu.VorobevSA.Sрrint1.Task6.V15.Test.csproj", "{0824807A-D90A-4E0D-AEF5-0A9977264F31}"
EndProject
Project("{FAE04EC0-301F-11D3-BF4B-00C04F79EFBC}") = "Tyuiu.VorobevSA.Sрrint1.Task6.V15.Lib", "Tyuiu.VorobevSA.Sрrint1.Task6.V15.Lib\Tyuiu.VorobevSA.Sрrint1.Task6.V15.Lib.csproj", "{71685232-D1C8-43F3-B25E-FA5A167E5EBD}"
EndProject
Global
	GlobalSection(SolutionConfigurationPlatforms) = preSolution
		Debug|Any CPU = Debug|Any CPU
		Release|Any CPU = Release|Any CPU
	EndGlobalSection
	GlobalSection(ProjectConfigurationPlatforms) = postSolution
		{16688145-95DE-4BC3-BDCF-A4A1C8F732EB}.Debug|Any CPU.ActiveCfg = Debug|Any CPU
		{16688145-95DE-4BC3-BDCF-A4A1C8F732EB}.Debug|Any CPU.Build.0 = Debug|Any CPU
		{16688145-95DE-4BC3-BDCF-A4A1C8F732EB}.Release|Any CPU.ActiveCfg = Release|Any CPU
		{16688145-95DE-4BC3-BDCF-A4A1C8F732EB}.Release|Any CPU.Build.0 = Release|Any CPU
		{D564C51F-CAA5-4AD8-BB07-37CD2811A8A0}.Debug|Any CPU.ActiveCfg = Debug|Any CPU
		{D564C51F-CAA5-4AD8-BB07-37CD2811A8A0}.Debug|Any CPU.Build.0 = Debug|Any CPU
		{D564C51F-CAA5-4AD8-BB07-37CD2811A8A0}.Release|Any CPU.ActiveCfg = Release|Any CPU
		{D564C51F-CAA5-4AD8-BB07-37CD2811A8A0}.Release|Any CPU.Build.0 = Release|Any CPU
		{310215C6-1CEB-4FD7-BBF0-F7A879C9F351}.Debug|Any CPU.ActiveCfg = Debug|Any CPU
		{310215C6-1CEB-4FD7-BBF0-F7A879C9F351}.Debug|Any CPU.Build.0 = Debug|Any CPU
		{310215C6-1CEB-4FD7-BBF0-F7A879C9F351}.Release|Any CPU.ActiveCfg = Release|Any CPU
		{310215C6-1CEB-4FD7-BBF0-F7A879C9F351}.Release|Any CPU.Build.0 = Release|Any CPU
		{B78662C2-B2C6-40C4-91CB-F661BE691163}.Debug|Any CPU.ActiveCfg = Debug|Any CPU
		{B78662C2-B2C6-40C4-91CB-F661BE691163}.Debug|Any CPU.Build.0 = Debug|Any CPU
		{B78662C2-B2C6-40C4-91CB-F661BE691163}.Release|Any CPU.ActiveCfg = Release|Any CPU
		{B78662C2-B2C6-40C4-91CB-F661BE691163}.Release|Any CPU.Build.0 = Release|Any CPU
		{F58365E3-A674-462A-8436-3227C10062DC}.Debug|Any CPU.ActiveCfg = Debug|Any CPU
		{F58365E3-A674-462A-8436-3227C10062DC}.Debug|Any CPU.Build.0 = Debug|Any CPU
		{F58365E3-A674-462A-8436-3227C10062DC}.Release|Any CPU.ActiveCfg = Release|Any CPU
		{F58365E3-A674-462A-8436-3227C10062DC}.Release|Any CPU.Build.0 = Release|Any CPU
		{6689EF89-AC85-48E9-9BA1-6FBF2EBE606B}.Debug|Any CPU.ActiveCfg = Debug|Any CPU
		{6689EF89-AC85-48E9-9BA1-6FBF2EBE606B}.Debug|Any CPU.Build.0 = Debug|Any CPU
		{6689EF89-AC85-48E9-9BA1-6FBF2EBE606B}.Release|Any CPU.ActiveCfg = Release|Any CPU
		{6689EF89-AC85-48E9-9BA1-6FBF2EBE606B}.Release|Any CPU.Build.0 = Release|Any CPU
		{4B39E540-A58C-4B05-92DC-0C779EABA390}.Debug|Any CPU.ActiveCfg = Debug|Any CPU
		{4B39E540-A58C-4B05-92DC-0C779EABA390}.Debug|Any CPU.Build.0 = Debug|Any CPU
		{4B39E540-A58C-4B05-92DC-0C779EABA390}.Release|Any CPU.ActiveCfg = Release|Any CPU
		{4B39E540-A58C-4B05-92DC-0C779EABA390}.Release|Any CPU.Build.0 = Release|Any CPU
		{024D3FA2-22A4-4520-BB67-7976C6547322}.Debug|Any CPU.ActiveCfg = Debug|Any CPU
		{024D3FA2-22A4-4520-BB67-7976C6547322}.Debug|Any CPU.Build.0 = Debug|Any CPU
		{024D3FA2-22A4-4520-BB67-7976C6547322}.Release|Any CPU.ActiveCfg = Release|Any CPU
		{024D3FA2-22A4-4520-BB67-7976C6547322}.Release|Any CPU.Build.0 = Release|Any CPU
		{9CED15A1-2F0A-4476-98F6-9A52EE386F8A}.Debug|Any CPU.ActiveCfg = Debug|Any CPU
		{9CED15A1-2F0A-4476-98F6-9A52EE386F8A}.Debug|Any CPU.Build.0 = Debug|Any CPU
		{9CED15A1-2F0A-4476-98F6-9A52EE386F8A}.Release|Any CPU.ActiveCfg = Release|Any CPU
		{9CED15A1-2F0A-4476-98F6-9A52EE386F8A}.Release|Any CPU.Build.0 = Release|Any CPU
		{19D86E48-8138-443A-AB2B-C55181DBB052}.Debug|Any CPU.ActiveCfg = Debug|Any CPU
		{19D86E48-8138-443A-AB2B-C55181DBB052}.Debug|Any CPU.Build.0 = Debug|Any CPU
		{19D86E48-8138-443A-AB2B-C55181DBB052}.Release|Any CPU.ActiveCfg = Release|Any CPU
		{19D86E48-8138-443A-AB2B-C55181DBB052}.Release|Any CPU.Build.0 = Release|Any CPU
		{F177084E-F3D3-4543-930A-316A65C9A402}.Debug|Any CPU.ActiveCfg = Debug|Any CPU
		{F177084E-F3D3-4543-930A-316A65C9A402}.Debug|Any CPU.Build.0 = Debug|Any CPU
		{F177084E-F3D3-4543-930A-316A65C9A402}.Release|Any CPU.ActiveCfg = Release|Any CPU
		{F177084E-F3D3-4543-930A-316A65C9A402}.Release|Any CPU.Build.0 = Release|Any CPU
		{43B40EE2-2F7D-4439-9F52-97C37E71DC2C}.Debug|Any CPU.ActiveCfg = Debug|Any CPU
		{43B40EE2-2F7D-4439-9F52-97C37E71DC2C}.Debug|Any CPU.Build.0 = Debug|Any CPU
		{43B40EE2-2F7D-4439-9F52-97C37E71DC2C}.Release|Any CPU.ActiveCfg = Release|Any CPU
		{43B40EE2-2F7D-4439-9F52-97C37E71DC2C}.Release|Any CPU.Build.0 = Release|Any CPU
		{81315888-B5A1-4B67-8248-1DDBCDBD8041}.Debug|Any CPU.ActiveCfg = Debug|Any CPU
		{81315888-B5A1-4B67-8248-1DDBCDBD8041}.Debug|Any CPU.Build.0 = Debug|Any CPU
		{81315888-B5A1-4B67-8248-1DDBCDBD8041}.Release|Any CPU.ActiveCfg = Release|Any CPU
		{81315888-B5A1-4B67-8248-1DDBCDBD8041}.Release|Any CPU.Build.0 = Release|Any CPU
		{BBB0656F-04E2-4E09-B5A6-3927555FF5D2}.Debug|Any CPU.ActiveCfg = Debug|Any CPU
		{BBB0656F-04E2-4E09-B5A6-3927555FF5D2}.Debug|Any CPU.Build.0 = Debug|Any CPU
		{BBB0656F-04E2-4E09-B5A6-3927555FF5D2}.Release|Any CPU.ActiveCfg = Release|Any CPU
		{BBB0656F-04E2-4E09-B5A6-3927555FF5D2}.Release|Any CPU.Build.0 = Release|Any CPU
		{140B2D64-43BF-46D4-B855-A0C66EE8E574}.Debug|Any CPU.ActiveCfg = Debug|Any CPU
		{140B2D64-43BF-46D4-B855-A0C66EE8E574}.Debug|Any CPU.Build.0 = Debug|Any CPU
		{140B2D64-43BF-46D4-B855-A0C66EE8E574}.Release|Any CPU.ActiveCfg = Release|Any CPU
		{140B2D64-43BF-46D4-B855-A0C66EE8E574}.Release|Any CPU.Build.0 = Release|Any CPU
		{B7CC49E6-85B4-486B-A056-F5619986F98B}.Debug|Any CPU.ActiveCfg = Debug|Any CPU
		{B7CC49E6-85B4-486B-A056-F5619986F98B}.Debug|Any CPU.Build.0 = Debug|Any CPU
		{B7CC49E6-85B4-486B-A056-F5619986F98B}.Release|Any CPU.ActiveCfg = Release|Any CPU
		{B7CC49E6-85B4-486B-A056-F5619986F98B}.Release|Any CPU.Build.0 = Release|Any CPU
		{DC27CD1F-C0AE-4A7B-9296-D21DD1188290}.Debug|Any CPU.ActiveCfg = Debug|Any CPU
		{DC27CD1F-C0AE-4A7B-9296-D21DD1188290}.Debug|Any CPU.Build.0 = Debug|Any CPU
		{DC27CD1F-C0AE-4A7B-9296-D21DD1188290}.Release|Any CPU.ActiveCfg = Release|Any CPU
		{DC27CD1F-C0AE-4A7B-9296-D21DD1188290}.Release|Any CPU.Build.0 = Release|Any CPU
		{32B82930-9CEF-444A-A452-32C3A815165A}.Debug|Any CPU.ActiveCfg = Debug|Any CPU
		{32B82930-9CEF-444A-A452-32C3A815165A}.Debug|Any CPU.Build.0 = Debug|Any CPU
		{32B82930-9CEF-444A-A452-32C3A815165A}.Release|Any CPU.ActiveCfg = Release|Any CPU
		{32B82930-9CEF-444A-A452-32C3A815165A}.Release|Any CPU.Build.0 = Release|Any CPU
		{8724B972-311B-4741-8027-A5090AF7374B}.Debug|Any CPU.ActiveCfg = Debug|Any CPU
		{8724B972-311B-4741-8027-A5090AF7374B}.Debug|Any CPU.Build.0 = Debug|Any CPU
		{8724B972-311B-4741-8027-A5090AF7374B}.Release|Any CPU.ActiveCfg = Release|Any CPU
		{8724B972-311B-4741-8027-A5090AF7374B}.Release|Any CPU.Build.0 = Release|Any CPU
		{C9B46775-C03A-4046-AD51-59CC3A620ED5}.Debug|Any CPU.ActiveCfg = Debug|Any CPU
		{C9B46775-C03A-4046-AD51-59CC3A620ED5}.Debug|Any CPU.Build.0 = Debug|Any CPU
		{C9B46775-C03A-4046-AD51-59CC3A620ED5}.Release|Any CPU.ActiveCfg = Release|Any CPU
		{C9B46775-C03A-4046-AD51-59CC3A620ED5}.Release|Any CPU.Build.0 = Release|Any CPU
		{0824807A-D90A-4E0D-AEF5-0A9977264F31}.Debug|Any CPU.ActiveCfg = Debug|Any CPU
		{0824807A-D90A-4E0D-AEF5-0A9977264F31}.Debug|Any CPU.Build.0 = Debug|Any CPU
		{0824807A-D90A-4E0D-AEF5-0A9977264F31}.Release|Any CPU.ActiveCfg = Release|Any CPU
		{0824807A-D90A-4E0D-AEF5-0A9977264F31}.Release|Any CPU.Build.0 = Release|Any CPU
		{71685232-D1C8-43F3-B25E-FA5A167E5EBD}.Debug|Any CPU.ActiveCfg = Debug|Any CPU
		{71685232-D1C8-43F3-B25E-FA5A167E5EBD}.Debug|Any CPU.Build.0 = Debug|Any CPU
		{71685232-D1C8-43F3-B25E-FA5A167E5EBD}.Release|Any CPU.ActiveCfg = Release|Any CPU
		{71685232-D1C8-43F3-B25E-FA5A167E5EBD}.Release|Any CPU.Build.0 = Release|Any CPU
	EndGlobalSection
	GlobalSection(SolutionProperties) = preSolution
		HideSolutionNode = FALSE
	EndGlobalSection
	GlobalSection(NestedProjects) = preSolution
		{16688145-95DE-4BC3-BDCF-A4A1C8F732EB} = {F2A17123-4B56-4BC9-9BE0-C14D78FDBA25}
		{D564C51F-CAA5-4AD8-BB07-37CD2811A8A0} = {F2A17123-4B56-4BC9-9BE0-C14D78FDBA25}
		{310215C6-1CEB-4FD7-BBF0-F7A879C9F351} = {F2A17123-4B56-4BC9-9BE0-C14D78FDBA25}
		{F58365E3-A674-462A-8436-3227C10062DC} = {0C7D0D6A-D64C-407E-A8B8-CEA58BD90F25}
		{6689EF89-AC85-48E9-9BA1-6FBF2EBE606B} = {0C7D0D6A-D64C-407E-A8B8-CEA58BD90F25}
		{4B39E540-A58C-4B05-92DC-0C779EABA390} = {0C7D0D6A-D64C-407E-A8B8-CEA58BD90F25}
		{024D3FA2-22A4-4520-BB67-7976C6547322} = {54A9F98F-575E-4210-89F2-CD5245AFE77F}
		{9CED15A1-2F0A-4476-98F6-9A52EE386F8A} = {54A9F98F-575E-4210-89F2-CD5245AFE77F}
		{19D86E48-8138-443A-AB2B-C55181DBB052} = {54A9F98F-575E-4210-89F2-CD5245AFE77F}
		{F177084E-F3D3-4543-930A-316A65C9A402} = {A8D14A98-BEB5-4430-AE27-0E2C50D204F4}
		{43B40EE2-2F7D-4439-9F52-97C37E71DC2C} = {A8D14A98-BEB5-4430-AE27-0E2C50D204F4}
		{81315888-B5A1-4B67-8248-1DDBCDBD8041} = {A8D14A98-BEB5-4430-AE27-0E2C50D204F4}
		{BBB0656F-04E2-4E09-B5A6-3927555FF5D2} = {AE74C728-A129-4DE1-A80E-11CC8CBE1D51}
		{140B2D64-43BF-46D4-B855-A0C66EE8E574} = {AE74C728-A129-4DE1-A80E-11CC8CBE1D51}
		{B7CC49E6-85B4-486B-A056-F5619986F98B} = {AE74C728-A129-4DE1-A80E-11CC8CBE1D51}
		{DC27CD1F-C0AE-4A7B-9296-D21DD1188290} = {1B76DB87-F9C9-4F08-8129-08366F20D967}
		{32B82930-9CEF-444A-A452-32C3A815165A} = {1B76DB87-F9C9-4F08-8129-08366F20D967}
		{8724B972-311B-4741-8027-A5090AF7374B} = {1B76DB87-F9C9-4F08-8129-08366F20D967}
		{C9B46775-C03A-4046-AD51-59CC3A620ED5} = {DA0139A2-8E42-4BAE-984F-D2BD70851556}
		{0824807A-D90A-4E0D-AEF5-0A9977264F31} = {DA0139A2-8E42-4BAE-984F-D2BD70851556}
		{71685232-D1C8-43F3-B25E-FA5A167E5EBD} = {DA0139A2-8E42-4BAE-984F-D2BD70851556}
	EndGlobalSection
	GlobalSection(ExtensibilityGlobals) = postSolution
		SolutionGuid = {846037A9-C940-4A83-AA0C-B5FD008C0D62}
	EndGlobalSection
EndGlobal
